// !$*UTF8*$!
{
	archiveVersion = 1;
	classes = {
	};
	objectVersion = 46;
	objects = {

/* Begin PBXBuildFile section */
		8438A4FA1DD9145900BE11AB /* AppDelegate.swift in Sources */ = {isa = PBXBuildFile; fileRef = 8438A4F91DD9145900BE11AB /* AppDelegate.swift */; };
		8438A4FF1DD9145900BE11AB /* Main.storyboard in Resources */ = {isa = PBXBuildFile; fileRef = 8438A4FD1DD9145900BE11AB /* Main.storyboard */; };
		8438A5011DD9145900BE11AB /* Assets.xcassets in Resources */ = {isa = PBXBuildFile; fileRef = 8438A5001DD9145900BE11AB /* Assets.xcassets */; };
		8438A5041DD9145900BE11AB /* LaunchScreen.storyboard in Resources */ = {isa = PBXBuildFile; fileRef = 8438A5021DD9145900BE11AB /* LaunchScreen.storyboard */; };
		8438A50C1DD914D300BE11AB /* BoardsViewController.swift in Sources */ = {isa = PBXBuildFile; fileRef = 8438A50B1DD914D300BE11AB /* BoardsViewController.swift */; };
		8438A50E1DD91A3600BE11AB /* TrelloAPI.swift in Sources */ = {isa = PBXBuildFile; fileRef = 8438A50D1DD91A3600BE11AB /* TrelloAPI.swift */; };
		84749CC11DDE7B6C0097733D /* ListsViewController.swift in Sources */ = {isa = PBXBuildFile; fileRef = 84749CC01DDE7B6C0097733D /* ListsViewController.swift */; };
		84D21D491DDEA92E00A85B3E /* CardCell.swift in Sources */ = {isa = PBXBuildFile; fileRef = 84D21D481DDEA92E00A85B3E /* CardCell.swift */; };
		84D21D4B1DDECF1F00A85B3E /* CardsViewController.swift in Sources */ = {isa = PBXBuildFile; fileRef = 84D21D4A1DDECF1F00A85B3E /* CardsViewController.swift */; };
		84D21D4D1DDFB9B800A85B3E /* CardEditViewController.swift in Sources */ = {isa = PBXBuildFile; fileRef = 84D21D4C1DDFB9B800A85B3E /* CardEditViewController.swift */; };
		84D21D4F1DE03DD800A85B3E /* CardCreateViewController.swift in Sources */ = {isa = PBXBuildFile; fileRef = 84D21D4E1DE03DD700A85B3E /* CardCreateViewController.swift */; };
		84FC72461DD93D7800F24C38 /* BoardCell.swift in Sources */ = {isa = PBXBuildFile; fileRef = 84FC72451DD93D7800F24C38 /* BoardCell.swift */; };
		84FC72481DD93DAF00F24C38 /* ListCell.swift in Sources */ = {isa = PBXBuildFile; fileRef = 84FC72471DD93DAF00F24C38 /* ListCell.swift */; };
/* End PBXBuildFile section */

/* Begin PBXFileReference section */
		8438A4F61DD9145900BE11AB /* Trello App by John Schulz.app */ = {isa = PBXFileReference; explicitFileType = wrapper.application; includeInIndex = 0; path = "Trello App by John Schulz.app"; sourceTree = BUILT_PRODUCTS_DIR; };
		8438A4F91DD9145900BE11AB /* AppDelegate.swift */ = {isa = PBXFileReference; lastKnownFileType = sourcecode.swift; path = AppDelegate.swift; sourceTree = "<group>"; };
		8438A4FE1DD9145900BE11AB /* Base */ = {isa = PBXFileReference; lastKnownFileType = file.storyboard; name = Base; path = Base.lproj/Main.storyboard; sourceTree = "<group>"; };
		8438A5001DD9145900BE11AB /* Assets.xcassets */ = {isa = PBXFileReference; lastKnownFileType = folder.assetcatalog; path = Assets.xcassets; sourceTree = "<group>"; };
		8438A5031DD9145900BE11AB /* Base */ = {isa = PBXFileReference; lastKnownFileType = file.storyboard; name = Base; path = Base.lproj/LaunchScreen.storyboard; sourceTree = "<group>"; };
		8438A5051DD9145900BE11AB /* Info.plist */ = {isa = PBXFileReference; lastKnownFileType = text.plist.xml; path = Info.plist; sourceTree = "<group>"; };
		8438A50B1DD914D300BE11AB /* BoardsViewController.swift */ = {isa = PBXFileReference; fileEncoding = 4; lastKnownFileType = sourcecode.swift; path = BoardsViewController.swift; sourceTree = "<group>"; };
		8438A50D1DD91A3600BE11AB /* TrelloAPI.swift */ = {isa = PBXFileReference; fileEncoding = 4; lastKnownFileType = sourcecode.swift; path = TrelloAPI.swift; sourceTree = "<group>"; };
		84749CC01DDE7B6C0097733D /* ListsViewController.swift */ = {isa = PBXFileReference; fileEncoding = 4; lastKnownFileType = sourcecode.swift; path = ListsViewController.swift; sourceTree = "<group>"; };
		84D21D481DDEA92E00A85B3E /* CardCell.swift */ = {isa = PBXFileReference; fileEncoding = 4; lastKnownFileType = sourcecode.swift; path = CardCell.swift; sourceTree = "<group>"; };
		84D21D4A1DDECF1F00A85B3E /* CardsViewController.swift */ = {isa = PBXFileReference; fileEncoding = 4; lastKnownFileType = sourcecode.swift; path = CardsViewController.swift; sourceTree = "<group>"; };
		84D21D4C1DDFB9B800A85B3E /* CardEditViewController.swift */ = {isa = PBXFileReference; fileEncoding = 4; lastKnownFileType = sourcecode.swift; path = CardEditViewController.swift; sourceTree = "<group>"; };
		84D21D4E1DE03DD700A85B3E /* CardCreateViewController.swift */ = {isa = PBXFileReference; fileEncoding = 4; lastKnownFileType = sourcecode.swift; path = CardCreateViewController.swift; sourceTree = "<group>"; };
		84FC72451DD93D7800F24C38 /* BoardCell.swift */ = {isa = PBXFileReference; fileEncoding = 4; lastKnownFileType = sourcecode.swift; path = BoardCell.swift; sourceTree = "<group>"; };
		84FC72471DD93DAF00F24C38 /* ListCell.swift */ = {isa = PBXFileReference; fileEncoding = 4; lastKnownFileType = sourcecode.swift; path = ListCell.swift; sourceTree = "<group>"; };
/* End PBXFileReference section */

/* Begin PBXFrameworksBuildPhase section */
		8438A4F31DD9145900BE11AB /* Frameworks */ = {
			isa = PBXFrameworksBuildPhase;
			buildActionMask = 2147483647;
			files = (
			);
			runOnlyForDeploymentPostprocessing = 0;
		};
/* End PBXFrameworksBuildPhase section */

/* Begin PBXGroup section */
		8438A4ED1DD9145900BE11AB = {
			isa = PBXGroup;
			children = (
				8438A4F81DD9145900BE11AB /* Trello App by John Schulz */,
				8438A4F71DD9145900BE11AB /* Products */,
			);
			sourceTree = "<group>";
		};
		8438A4F71DD9145900BE11AB /* Products */ = {
			isa = PBXGroup;
			children = (
				8438A4F61DD9145900BE11AB /* Trello App by John Schulz.app */,
			);
			name = Products;
			sourceTree = "<group>";
		};
		8438A4F81DD9145900BE11AB /* Trello App by John Schulz */ = {
			isa = PBXGroup;
			children = (
				8438A4F91DD9145900BE11AB /* AppDelegate.swift */,
				8438A4FD1DD9145900BE11AB /* Main.storyboard */,
				8438A5001DD9145900BE11AB /* Assets.xcassets */,
				8438A5021DD9145900BE11AB /* LaunchScreen.storyboard */,
				8438A5051DD9145900BE11AB /* Info.plist */,
				8438A50B1DD914D300BE11AB /* BoardsViewController.swift */,
				84749CC01DDE7B6C0097733D /* ListsViewController.swift */,
				84D21D4A1DDECF1F00A85B3E /* CardsViewController.swift */,
				84FC72451DD93D7800F24C38 /* BoardCell.swift */,
				84FC72471DD93DAF00F24C38 /* ListCell.swift */,
				84D21D481DDEA92E00A85B3E /* CardCell.swift */,
				8438A50D1DD91A3600BE11AB /* TrelloAPI.swift */,
				84D21D4C1DDFB9B800A85B3E /* CardEditViewController.swift */,
				84D21D4E1DE03DD700A85B3E /* CardCreateViewController.swift */,
			);
			path = "Trello App by John Schulz";
			sourceTree = "<group>";
		};
/* End PBXGroup section */

/* Begin PBXNativeTarget section */
		8438A4F51DD9145900BE11AB /* Trello App by John Schulz */ = {
			isa = PBXNativeTarget;
			buildConfigurationList = 8438A5081DD9145900BE11AB /* Build configuration list for PBXNativeTarget "Trello App by John Schulz" */;
			buildPhases = (
				8438A4F21DD9145900BE11AB /* Sources */,
				8438A4F31DD9145900BE11AB /* Frameworks */,
				8438A4F41DD9145900BE11AB /* Resources */,
			);
			buildRules = (
			);
			dependencies = (
			);
			name = "Trello App by John Schulz";
			productName = "Trello App by John Schulz";
			productReference = 8438A4F61DD9145900BE11AB /* Trello App by John Schulz.app */;
			productType = "com.apple.product-type.application";
		};
/* End PBXNativeTarget section */

/* Begin PBXProject section */
		8438A4EE1DD9145900BE11AB /* Project object */ = {
			isa = PBXProject;
			attributes = {
				LastSwiftUpdateCheck = 0730;
				LastUpgradeCheck = 0730;
				ORGANIZATIONNAME = edu.oc.eagles;
				TargetAttributes = {
					8438A4F51DD9145900BE11AB = {
						CreatedOnToolsVersion = 7.3.1;
					};
				};
			};
			buildConfigurationList = 8438A4F11DD9145900BE11AB /* Build configuration list for PBXProject "Trello App by John Schulz" */;
			compatibilityVersion = "Xcode 3.2";
			developmentRegion = English;
			hasScannedForEncodings = 0;
			knownRegions = (
				en,
				Base,
			);
			mainGroup = 8438A4ED1DD9145900BE11AB;
			productRefGroup = 8438A4F71DD9145900BE11AB /* Products */;
			projectDirPath = "";
			projectRoot = "";
			targets = (
				8438A4F51DD9145900BE11AB /* Trello App by John Schulz */,
			);
		};
/* End PBXProject section */

/* Begin PBXResourcesBuildPhase section */
		8438A4F41DD9145900BE11AB /* Resources */ = {
			isa = PBXResourcesBuildPhase;
			buildActionMask = 2147483647;
			files = (
				8438A5041DD9145900BE11AB /* LaunchScreen.storyboard in Resources */,
				8438A5011DD9145900BE11AB /* Assets.xcassets in Resources */,
				8438A4FF1DD9145900BE11AB /* Main.storyboard in Resources */,
			);
			runOnlyForDeploymentPostprocessing = 0;
		};
/* End PBXResourcesBuildPhase section */

/* Begin PBXSourcesBuildPhase section */
		8438A4F21DD9145900BE11AB /* Sources */ = {
			isa = PBXSourcesBuildPhase;
			buildActionMask = 2147483647;
			files = (
				84D21D4B1DDECF1F00A85B3E /* CardsViewController.swift in Sources */,
				84D21D4D1DDFB9B800A85B3E /* CardEditViewController.swift in Sources */,
				84D21D491DDEA92E00A85B3E /* CardCell.swift in Sources */,
				84749CC11DDE7B6C0097733D /* ListsViewController.swift in Sources */,
				8438A50E1DD91A3600BE11AB /* TrelloAPI.swift in Sources */,
				8438A4FA1DD9145900BE11AB /* AppDelegate.swift in Sources */,
				84FC72461DD93D7800F24C38 /* BoardCell.swift in Sources */,
				84FC72481DD93DAF00F24C38 /* ListCell.swift in Sources */,
				84D21D4F1DE03DD800A85B3E /* CardCreateViewController.swift in Sources */,
				8438A50C1DD914D300BE11AB /* BoardsViewController.swift in Sources */,
			);
			runOnlyForDeploymentPostprocessing = 0;
		};
/* End PBXSourcesBuildPhase section */

/* Begin PBXVariantGroup section */
		8438A4FD1DD9145900BE11AB /* Main.storyboard */ = {
			isa = PBXVariantGroup;
			children = (
				8438A4FE1DD9145900BE11AB /* Base */,
			);
			name = Main.storyboard;
			sourceTree = "<group>";
		};
		8438A5021DD9145900BE11AB /* LaunchScreen.storyboard */ = {
			isa = PBXVariantGroup;
			children = (
				8438A5031DD9145900BE11AB /* Base */,
			);
			name = LaunchScreen.storyboard;
			sourceTree = "<group>";
		};
/* End PBXVariantGroup section */

/* Begin XCBuildConfiguration section */
		8438A5061DD9145900BE11AB /* Debug */ = {
			isa = XCBuildConfiguration;
			buildSettings = {
				ALWAYS_SEARCH_USER_PATHS = NO;
				CLANG_ANALYZER_NONNULL = YES;
				CLANG_CXX_LANGUAGE_STANDARD = "gnu++0x";
				CLANG_CXX_LIBRARY = "libc++";
				CLANG_ENABLE_MODULES = YES;
				CLANG_ENABLE_OBJC_ARC = YES;
				CLANG_WARN_BOOL_CONVERSION = YES;
				CLANG_WARN_CONSTANT_CONVERSION = YES;
				CLANG_WARN_DIRECT_OBJC_ISA_USAGE = YES_ERROR;
				CLANG_WARN_EMPTY_BODY = YES;
				CLANG_WARN_ENUM_CONVERSION = YES;
				CLANG_WARN_INT_CONVERSION = YES;
				CLANG_WARN_OBJC_ROOT_CLASS = YES_ERROR;
				CLANG_WARN_UNREACHABLE_CODE = YES;
				CLANG_WARN__DUPLICATE_METHOD_MATCH = YES;
				"CODE_SIGN_IDENTITY[sdk=iphoneos*]" = "iPhone Developer";
				COPY_PHASE_STRIP = NO;
				DEBUG_INFORMATION_FORMAT = dwarf;
				ENABLE_STRICT_OBJC_MSGSEND = YES;
				ENABLE_TESTABILITY = YES;
				GCC_C_LANGUAGE_STANDARD = gnu99;
				GCC_DYNAMIC_NO_PIC = NO;
				GCC_NO_COMMON_BLOCKS = YES;
				GCC_OPTIMIZATION_LEVEL = 0;
				GCC_PREPROCESSOR_DEFINITIONS = (
					"DEBUG=1",
					"$(inherited)",
				);
				GCC_WARN_64_TO_32_BIT_CONVERSION = YES;
				GCC_WARN_ABOUT_RETURN_TYPE = YES_ERROR;
				GCC_WARN_UNDECLARED_SELECTOR = YES;
				GCC_WARN_UNINITIALIZED_AUTOS = YES_AGGRESSIVE;
				GCC_WARN_UNUSED_FUNCTION = YES;
				GCC_WARN_UNUSED_VARIABLE = YES;
				IPHONEOS_DEPLOYMENT_TARGET = 9.3;
				MTL_ENABLE_DEBUG_INFO = YES;
				ONLY_ACTIVE_ARCH = YES;
				SDKROOT = iphoneos;
				SWIFT_OPTIMIZATION_LEVEL = "-Onone";
			};
			name = Debug;
		};
		8438A5071DD9145900BE11AB /* Release */ = {
			isa = XCBuildConfiguration;
			buildSettings = {
				ALWAYS_SEARCH_USER_PATHS = NO;
				CLANG_ANALYZER_NONNULL = YES;
				CLANG_CXX_LANGUAGE_STANDARD = "gnu++0x";
				CLANG_CXX_LIBRARY = "libc++";
				CLANG_ENABLE_MODULES = YES;
				CLANG_ENABLE_OBJC_ARC = YES;
				CLANG_WARN_BOOL_CONVERSION = YES;
				CLANG_WARN_CONSTANT_CONVERSION = YES;
				CLANG_WARN_DIRECT_OBJC_ISA_USAGE = YES_ERROR;
				CLANG_WARN_EMPTY_BODY = YES;
				CLANG_WARN_ENUM_CONVERSION = YES;
				CLANG_WARN_INT_CONVERSION = YES;
				CLANG_WARN_OBJC_ROOT_CLASS = YES_ERROR;
				CLANG_WARN_UNREACHABLE_CODE = YES;
				CLANG_WARN__DUPLICATE_METHOD_MATCH = YES;
				"CODE_SIGN_IDENTITY[sdk=iphoneos*]" = "iPhone Developer";
				COPY_PHASE_STRIP = NO;
				DEBUG_INFORMATION_FORMAT = "dwarf-with-dsym";
				ENABLE_NS_ASSERTIONS = NO;
				ENABLE_STRICT_OBJC_MSGSEND = YES;
				GCC_C_LANGUAGE_STANDARD = gnu99;
				GCC_NO_COMMON_BLOCKS = YES;
				GCC_WARN_64_TO_32_BIT_CONVERSION = YES;
				GCC_WARN_ABOUT_RETURN_TYPE = YES_ERROR;
				GCC_WARN_UNDECLARED_SELECTOR = YES;
				GCC_WARN_UNINITIALIZED_AUTOS = YES_AGGRESSIVE;
				GCC_WARN_UNUSED_FUNCTION = YES;
				GCC_WARN_UNUSED_VARIABLE = YES;
				IPHONEOS_DEPLOYMENT_TARGET = 9.3;
				MTL_ENABLE_DEBUG_INFO = NO;
				SDKROOT = iphoneos;
				VALIDATE_PRODUCT = YES;
			};
			name = Release;
		};
		8438A5091DD9145900BE11AB /* Debug */ = {
			isa = XCBuildConfiguration;
			buildSettings = {
				ASSETCATALOG_COMPILER_APPICON_NAME = AppIcon;
				INFOPLIST_FILE = "Trello App by John Schulz/Info.plist";
				LD_RUNPATH_SEARCH_PATHS = "$(inherited) @executable_path/Frameworks";
				PRODUCT_BUNDLE_IDENTIFIER = "Mobile-App-Dev.Trello-App-by-John-Schulz";
				PRODUCT_NAME = "$(TARGET_NAME)";
			};
			name = Debug;
		};
		8438A50A1DD9145900BE11AB /* Release */ = {
			isa = XCBuildConfiguration;
			buildSettings = {
				ASSETCATALOG_COMPILER_APPICON_NAME = AppIcon;
				INFOPLIST_FILE = "Trello App by John Schulz/Info.plist";
				LD_RUNPATH_SEARCH_PATHS = "$(inherited) @executable_path/Frameworks";
				PRODUCT_BUNDLE_IDENTIFIER = "Mobile-App-Dev.Trello-App-by-John-Schulz";
				PRODUCT_NAME = "$(TARGET_NAME)";
			};
			name = Release;
		};
/* End XCBuildConfiguration section */

/* Begin XCConfigurationList section */
		8438A4F11DD9145900BE11AB /* Build configuration list for PBXProject "Trello App by John Schulz" */ = {
			isa = XCConfigurationList;
			buildConfigurations = (
				8438A5061DD9145900BE11AB /* Debug */,
				8438A5071DD9145900BE11AB /* Release */,
			);
			defaultConfigurationIsVisible = 0;
			defaultConfigurationName = Release;
		};
		8438A5081DD9145900BE11AB /* Build configuration list for PBXNativeTarget "Trello App by John Schulz" */ = {
			isa = XCConfigurationList;
			buildConfigurations = (
				8438A5091DD9145900BE11AB /* Debug */,
				8438A50A1DD9145900BE11AB /* Release */,
			);
			defaultConfigurationIsVisible = 0;
			defaultConfigurationName = Release;
		};
/* End XCConfigurationList section */
	};
	rootObject = 8438A4EE1DD9145900BE11AB /* Project object */;
}
